
Microsoft Visual Studio Solution File, Format Version 12.00
# Visual Studio 15
VisualStudioVersion = 15.0.28307.168
MinimumVisualStudioVersion = 10.0.40219.1
Project("{9A19103F-16F7-4668-BE54-9A1E7A4F7556}") = "HangManGame", "HangManGame\HangManGame.csproj", "{105632A4-90AD-4808-84A3-C42B6CFFDC54}"
EndProject
Project("{FAE04EC0-301F-11D3-BF4B-00C04F79EFBC}") = "Tic-tac-toe", "Tic-tac-toe\Tic-tac-toe.csproj", "{247E7548-24CF-4F6D-A08A-109EAA3846AD}"
EndProject
Global
	GlobalSection(SolutionConfigurationPlatforms) = preSolution
		Debug|Any CPU = Debug|Any CPU
		Release|Any CPU = Release|Any CPU
	EndGlobalSection
	GlobalSection(ProjectConfigurationPlatforms) = postSolution
		{105632A4-90AD-4808-84A3-C42B6CFFDC54}.Debug|Any CPU.ActiveCfg = Debug|Any CPU
		{105632A4-90AD-4808-84A3-C42B6CFFDC54}.Debug|Any CPU.Build.0 = Debug|Any CPU
		{105632A4-90AD-4808-84A3-C42B6CFFDC54}.Release|Any CPU.ActiveCfg = Release|Any CPU
		{105632A4-90AD-4808-84A3-C42B6CFFDC54}.Release|Any CPU.Build.0 = Release|Any CPU
		{247E7548-24CF-4F6D-A08A-109EAA3846AD}.Debug|Any CPU.ActiveCfg = Debug|Any CPU
		{247E7548-24CF-4F6D-A08A-109EAA3846AD}.Debug|Any CPU.Build.0 = Debug|Any CPU
		{247E7548-24CF-4F6D-A08A-109EAA3846AD}.Release|Any CPU.ActiveCfg = Release|Any CPU
		{247E7548-24CF-4F6D-A08A-109EAA3846AD}.Release|Any CPU.Build.0 = Release|Any CPU
	EndGlobalSection
	GlobalSection(SolutionProperties) = preSolution
		HideSolutionNode = FALSE
	EndGlobalSection
	GlobalSection(ExtensibilityGlobals) = postSolution
		SolutionGuid = {EBEC154F-5027-42E0-A105-1268CFCF6F7F}
	EndGlobalSection
EndGlobal
